
Microsoft Visual Studio Solution File, Format Version 12.00
# Visual Studio 15
VisualStudioVersion = 15.0.26403.7
MinimumVisualStudioVersion = 10.0.40219.1
Project("{FAE04EC0-301F-11D3-BF4B-00C04F79EFBC}") = "MaratonaXamarin.AndroidApp", "MaratonaXamarin.AndroidApp\MaratonaXamarin.AndroidApp.csproj", "{DFB6D9E5-E9D8-4195-94FD-A944A616160D}"
EndProject
Project("{FAE04EC0-301F-11D3-BF4B-00C04F79EFBC}") = "MaratonaXamarin.Shared", "MaratonaXamarin.Shared\MaratonaXamarin.Shared.csproj", "{9140FE43-BB2F-4B34-933B-DDAA7F85A7B2}"
EndProject
Global
	GlobalSection(SolutionConfigurationPlatforms) = preSolution
		Debug|Any CPU = Debug|Any CPU
		Release|Any CPU = Release|Any CPU
	EndGlobalSection
	GlobalSection(ProjectConfigurationPlatforms) = postSolution
		{DFB6D9E5-E9D8-4195-94FD-A944A616160D}.Debug|Any CPU.ActiveCfg = Debug|Any CPU
		{DFB6D9E5-E9D8-4195-94FD-A944A616160D}.Debug|Any CPU.Build.0 = Debug|Any CPU
		{DFB6D9E5-E9D8-4195-94FD-A944A616160D}.Debug|Any CPU.Deploy.0 = Debug|Any CPU
		{DFB6D9E5-E9D8-4195-94FD-A944A616160D}.Release|Any CPU.ActiveCfg = Release|Any CPU
		{DFB6D9E5-E9D8-4195-94FD-A944A616160D}.Release|Any CPU.Build.0 = Release|Any CPU
		{DFB6D9E5-E9D8-4195-94FD-A944A616160D}.Release|Any CPU.Deploy.0 = Release|Any CPU
		{9140FE43-BB2F-4B34-933B-DDAA7F85A7B2}.Debug|Any CPU.ActiveCfg = Debug|Any CPU
		{9140FE43-BB2F-4B34-933B-DDAA7F85A7B2}.Debug|Any CPU.Build.0 = Debug|Any CPU
		{9140FE43-BB2F-4B34-933B-DDAA7F85A7B2}.Release|Any CPU.ActiveCfg = Release|Any CPU
		{9140FE43-BB2F-4B34-933B-DDAA7F85A7B2}.Release|Any CPU.Build.0 = Release|Any CPU
	EndGlobalSection
	GlobalSection(SolutionProperties) = preSolution
		HideSolutionNode = FALSE
	EndGlobalSection
EndGlobal
